
Microsoft Visual Studio Solution File, Format Version 12.00
# Visual Studio 15
VisualStudioVersion = 15.0.27703.2035
MinimumVisualStudioVersion = 10.0.40219.1
Project("{8BC9CEB8-8B4A-11D0-8D11-00A0C91BC942}") = "Practice-PocketMoney", "Practice-PocketMoney\Practice-PocketMoney.vcxproj", "{DA80F983-EF7F-41B7-A662-3A70C200924E}"
EndProject
Global
	GlobalSection(SolutionConfigurationPlatforms) = preSolution
		Debug|x64 = Debug|x64
		Debug|x86 = Debug|x86
		Release|x64 = Release|x64
		Release|x86 = Release|x86
	EndGlobalSection
	GlobalSection(ProjectConfigurationPlatforms) = postSolution
		{DA80F983-EF7F-41B7-A662-3A70C200924E}.Debug|x64.ActiveCfg = Debug|x64
		{DA80F983-EF7F-41B7-A662-3A70C200924E}.Debug|x64.Build.0 = Debug|x64
		{DA80F983-EF7F-41B7-A662-3A70C200924E}.Debug|x86.ActiveCfg = Debug|Win32
		{DA80F983-EF7F-41B7-A662-3A70C200924E}.Debug|x86.Build.0 = Debug|Win32
		{DA80F983-EF7F-41B7-A662-3A70C200924E}.Release|x64.ActiveCfg = Release|x64
		{DA80F983-EF7F-41B7-A662-3A70C200924E}.Release|x64.Build.0 = Release|x64
		{DA80F983-EF7F-41B7-A662-3A70C200924E}.Release|x86.ActiveCfg = Release|Win32
		{DA80F983-EF7F-41B7-A662-3A70C200924E}.Release|x86.Build.0 = Release|Win32
	EndGlobalSection
	GlobalSection(SolutionProperties) = preSolution
		HideSolutionNode = FALSE
	EndGlobalSection
	GlobalSection(ExtensibilityGlobals) = postSolution
		SolutionGuid = {95E676B2-256E-4400-A89E-E386FF142521}
	EndGlobalSection
EndGlobal
